// !$*UTF8*$!
{
	archiveVersion = 1;
	classes = {
	};
	objectVersion = 50;
	objects = {

/* Begin PBXBuildFile section */
		F0092FE22583D52E00206D4C /* AppDelegate.swift in Sources */ = {isa = PBXBuildFile; fileRef = F0092FE12583D52E00206D4C /* AppDelegate.swift */; };
		F0092FE42583D52E00206D4C /* SceneDelegate.swift in Sources */ = {isa = PBXBuildFile; fileRef = F0092FE32583D52E00206D4C /* SceneDelegate.swift */; };
		F0092FE62583D52E00206D4C /* ViewController.swift in Sources */ = {isa = PBXBuildFile; fileRef = F0092FE52583D52E00206D4C /* ViewController.swift */; };
		F0092FE92583D52E00206D4C /* Main.storyboard in Resources */ = {isa = PBXBuildFile; fileRef = F0092FE72583D52E00206D4C /* Main.storyboard */; };
		F0092FEB2583D53000206D4C /* Assets.xcassets in Resources */ = {isa = PBXBuildFile; fileRef = F0092FEA2583D53000206D4C /* Assets.xcassets */; };
		F0092FEE2583D53000206D4C /* LaunchScreen.storyboard in Resources */ = {isa = PBXBuildFile; fileRef = F0092FEC2583D53000206D4C /* LaunchScreen.storyboard */; };
		F0AFF077258A66E70043FB5D /* Game.swift in Sources */ = {isa = PBXBuildFile; fileRef = F0AFF076258A66E70043FB5D /* Game.swift */; };
		F0EFC62E25AF4A9D00419605 /* ApplePieUITests.swift in Sources */ = {isa = PBXBuildFile; fileRef = F0EFC62D25AF4A9D00419605 /* ApplePieUITests.swift */; };
		F0EFC63A25AF557900419605 /* .gitignore in Resources */ = {isa = PBXBuildFile; fileRef = F0EFC63925AF557900419605 /* .gitignore */; };
		F0EFC96A25B81F2D00419605 /* BaseTest.swift in Sources */ = {isa = PBXBuildFile; fileRef = F0EFC96925B81F2D00419605 /* BaseTest.swift */; };
/* End PBXBuildFile section */

/* Begin PBXContainerItemProxy section */
		F0EFC63025AF4A9D00419605 /* PBXContainerItemProxy */ = {
			isa = PBXContainerItemProxy;
			containerPortal = F0092FD62583D52E00206D4C /* Project object */;
			proxyType = 1;
			remoteGlobalIDString = F0092FDD2583D52E00206D4C;
			remoteInfo = ApplePie;
		};
/* End PBXContainerItemProxy section */

/* Begin PBXFileReference section */
		F0092FDE2583D52E00206D4C /* ApplePie.app */ = {isa = PBXFileReference; explicitFileType = wrapper.application; includeInIndex = 0; path = ApplePie.app; sourceTree = BUILT_PRODUCTS_DIR; };
		F0092FE12583D52E00206D4C /* AppDelegate.swift */ = {isa = PBXFileReference; lastKnownFileType = sourcecode.swift; path = AppDelegate.swift; sourceTree = "<group>"; };
		F0092FE32583D52E00206D4C /* SceneDelegate.swift */ = {isa = PBXFileReference; lastKnownFileType = sourcecode.swift; path = SceneDelegate.swift; sourceTree = "<group>"; };
		F0092FE52583D52E00206D4C /* ViewController.swift */ = {isa = PBXFileReference; lastKnownFileType = sourcecode.swift; path = ViewController.swift; sourceTree = "<group>"; };
		F0092FE82583D52E00206D4C /* Base */ = {isa = PBXFileReference; lastKnownFileType = file.storyboard; name = Base; path = Base.lproj/Main.storyboard; sourceTree = "<group>"; };
		F0092FEA2583D53000206D4C /* Assets.xcassets */ = {isa = PBXFileReference; lastKnownFileType = folder.assetcatalog; path = Assets.xcassets; sourceTree = "<group>"; };
		F0092FED2583D53000206D4C /* Base */ = {isa = PBXFileReference; lastKnownFileType = file.storyboard; name = Base; path = Base.lproj/LaunchScreen.storyboard; sourceTree = "<group>"; };
		F0092FEF2583D53000206D4C /* Info.plist */ = {isa = PBXFileReference; lastKnownFileType = text.plist.xml; path = Info.plist; sourceTree = "<group>"; };
		F0AFF076258A66E70043FB5D /* Game.swift */ = {isa = PBXFileReference; lastKnownFileType = sourcecode.swift; path = Game.swift; sourceTree = "<group>"; };
		F0EFC62B25AF4A9D00419605 /* ApplePieUITests.xctest */ = {isa = PBXFileReference; explicitFileType = wrapper.cfbundle; includeInIndex = 0; path = ApplePieUITests.xctest; sourceTree = BUILT_PRODUCTS_DIR; };
		F0EFC62D25AF4A9D00419605 /* ApplePieUITests.swift */ = {isa = PBXFileReference; lastKnownFileType = sourcecode.swift; path = ApplePieUITests.swift; sourceTree = "<group>"; };
		F0EFC62F25AF4A9D00419605 /* Info.plist */ = {isa = PBXFileReference; lastKnownFileType = text.plist.xml; path = Info.plist; sourceTree = "<group>"; };
		F0EFC63925AF557900419605 /* .gitignore */ = {isa = PBXFileReference; lastKnownFileType = text; path = .gitignore; sourceTree = "<group>"; };
		F0EFC96925B81F2D00419605 /* BaseTest.swift */ = {isa = PBXFileReference; lastKnownFileType = sourcecode.swift; path = BaseTest.swift; sourceTree = "<group>"; };
/* End PBXFileReference section */

/* Begin PBXFrameworksBuildPhase section */
		F0092FDB2583D52E00206D4C /* Frameworks */ = {
			isa = PBXFrameworksBuildPhase;
			buildActionMask = 2147483647;
			files = (
			);
			runOnlyForDeploymentPostprocessing = 0;
		};
		F0EFC62825AF4A9D00419605 /* Frameworks */ = {
			isa = PBXFrameworksBuildPhase;
			buildActionMask = 2147483647;
			files = (
			);
			runOnlyForDeploymentPostprocessing = 0;
		};
/* End PBXFrameworksBuildPhase section */

/* Begin PBXGroup section */
		F0092FD52583D52E00206D4C = {
			isa = PBXGroup;
			children = (
				F0EFC63925AF557900419605 /* .gitignore */,
				F0092FE02583D52E00206D4C /* ApplePie */,
				F0EFC62C25AF4A9D00419605 /* ApplePieUITests */,
				F0092FDF2583D52E00206D4C /* Products */,
			);
			sourceTree = "<group>";
		};
		F0092FDF2583D52E00206D4C /* Products */ = {
			isa = PBXGroup;
			children = (
				F0092FDE2583D52E00206D4C /* ApplePie.app */,
				F0EFC62B25AF4A9D00419605 /* ApplePieUITests.xctest */,
			);
			name = Products;
			sourceTree = "<group>";
		};
		F0092FE02583D52E00206D4C /* ApplePie */ = {
			isa = PBXGroup;
			children = (
				F0092FE12583D52E00206D4C /* AppDelegate.swift */,
				F0092FE32583D52E00206D4C /* SceneDelegate.swift */,
				F0092FE52583D52E00206D4C /* ViewController.swift */,
				F0AFF076258A66E70043FB5D /* Game.swift */,
				F0092FE72583D52E00206D4C /* Main.storyboard */,
				F0092FEA2583D53000206D4C /* Assets.xcassets */,
				F0092FEC2583D53000206D4C /* LaunchScreen.storyboard */,
				F0092FEF2583D53000206D4C /* Info.plist */,
			);
			path = ApplePie;
			sourceTree = "<group>";
		};
		F0EFC62C25AF4A9D00419605 /* ApplePieUITests */ = {
			isa = PBXGroup;
			children = (
				F0EFC62D25AF4A9D00419605 /* ApplePieUITests.swift */,
				F0EFC62F25AF4A9D00419605 /* Info.plist */,
				F0EFC96925B81F2D00419605 /* BaseTest.swift */,
			);
			path = ApplePieUITests;
			sourceTree = "<group>";
		};
/* End PBXGroup section */

/* Begin PBXNativeTarget section */
		F0092FDD2583D52E00206D4C /* ApplePie */ = {
			isa = PBXNativeTarget;
			buildConfigurationList = F0092FF22583D53000206D4C /* Build configuration list for PBXNativeTarget "ApplePie" */;
			buildPhases = (
				F0092FDA2583D52E00206D4C /* Sources */,
				F0092FDB2583D52E00206D4C /* Frameworks */,
				F0092FDC2583D52E00206D4C /* Resources */,
			);
			buildRules = (
			);
			dependencies = (
			);
			name = ApplePie;
			productName = ApplePie;
			productReference = F0092FDE2583D52E00206D4C /* ApplePie.app */;
			productType = "com.apple.product-type.application";
		};
		F0EFC62A25AF4A9D00419605 /* ApplePieUITests */ = {
			isa = PBXNativeTarget;
			buildConfigurationList = F0EFC63425AF4A9D00419605 /* Build configuration list for PBXNativeTarget "ApplePieUITests" */;
			buildPhases = (
				F0EFC62725AF4A9D00419605 /* Sources */,
				F0EFC62825AF4A9D00419605 /* Frameworks */,
				F0EFC62925AF4A9D00419605 /* Resources */,
			);
			buildRules = (
			);
			dependencies = (
				F0EFC63125AF4A9D00419605 /* PBXTargetDependency */,
			);
			name = ApplePieUITests;
			productName = ApplePieUITests;
			productReference = F0EFC62B25AF4A9D00419605 /* ApplePieUITests.xctest */;
			productType = "com.apple.product-type.bundle.ui-testing";
		};
/* End PBXNativeTarget section */

/* Begin PBXProject section */
		F0092FD62583D52E00206D4C /* Project object */ = {
			isa = PBXProject;
			attributes = {
				LastSwiftUpdateCheck = 1220;
				LastUpgradeCheck = 1220;
				TargetAttributes = {
					F0092FDD2583D52E00206D4C = {
						CreatedOnToolsVersion = 12.2;
					};
					F0EFC62A25AF4A9D00419605 = {
						CreatedOnToolsVersion = 12.2;
						TestTargetID = F0092FDD2583D52E00206D4C;
					};
				};
			};
			buildConfigurationList = F0092FD92583D52E00206D4C /* Build configuration list for PBXProject "ApplePie" */;
			compatibilityVersion = "Xcode 9.3";
			developmentRegion = en;
			hasScannedForEncodings = 0;
			knownRegions = (
				en,
				Base,
			);
			mainGroup = F0092FD52583D52E00206D4C;
			productRefGroup = F0092FDF2583D52E00206D4C /* Products */;
			projectDirPath = "";
			projectRoot = "";
			targets = (
				F0092FDD2583D52E00206D4C /* ApplePie */,
				F0EFC62A25AF4A9D00419605 /* ApplePieUITests */,
			);
		};
/* End PBXProject section */

/* Begin PBXResourcesBuildPhase section */
		F0092FDC2583D52E00206D4C /* Resources */ = {
			isa = PBXResourcesBuildPhase;
			buildActionMask = 2147483647;
			files = (
				F0EFC63A25AF557900419605 /* .gitignore in Resources */,
				F0092FEE2583D53000206D4C /* LaunchScreen.storyboard in Resources */,
				F0092FEB2583D53000206D4C /* Assets.xcassets in Resources */,
				F0092FE92583D52E00206D4C /* Main.storyboard in Resources */,
			);
			runOnlyForDeploymentPostprocessing = 0;
		};
		F0EFC62925AF4A9D00419605 /* Resources */ = {
			isa = PBXResourcesBuildPhase;
			buildActionMask = 2147483647;
			files = (
			);
			runOnlyForDeploymentPostprocessing = 0;
		};
/* End PBXResourcesBuildPhase section */

/* Begin PBXSourcesBuildPhase section */
		F0092FDA2583D52E00206D4C /* Sources */ = {
			isa = PBXSourcesBuildPhase;
			buildActionMask = 2147483647;
			files = (
				F0092FE62583D52E00206D4C /* ViewController.swift in Sources */,
				F0092FE22583D52E00206D4C /* AppDelegate.swift in Sources */,
				F0092FE42583D52E00206D4C /* SceneDelegate.swift in Sources */,
				F0AFF077258A66E70043FB5D /* Game.swift in Sources */,
			);
			runOnlyForDeploymentPostprocessing = 0;
		};
		F0EFC62725AF4A9D00419605 /* Sources */ = {
			isa = PBXSourcesBuildPhase;
			buildActionMask = 2147483647;
			files = (
				F0EFC96A25B81F2D00419605 /* BaseTest.swift in Sources */,
				F0EFC62E25AF4A9D00419605 /* ApplePieUITests.swift in Sources */,
			);
			runOnlyForDeploymentPostprocessing = 0;
		};
/* End PBXSourcesBuildPhase section */

/* Begin PBXTargetDependency section */
		F0EFC63125AF4A9D00419605 /* PBXTargetDependency */ = {
			isa = PBXTargetDependency;
			target = F0092FDD2583D52E00206D4C /* ApplePie */;
			targetProxy = F0EFC63025AF4A9D00419605 /* PBXContainerItemProxy */;
		};
/* End PBXTargetDependency section */

/* Begin PBXVariantGroup section */
		F0092FE72583D52E00206D4C /* Main.storyboard */ = {
			isa = PBXVariantGroup;
			children = (
				F0092FE82583D52E00206D4C /* Base */,
			);
			name = Main.storyboard;
			sourceTree = "<group>";
		};
		F0092FEC2583D53000206D4C /* LaunchScreen.storyboard */ = {
			isa = PBXVariantGroup;
			children = (
				F0092FED2583D53000206D4C /* Base */,
			);
			name = LaunchScreen.storyboard;
			sourceTree = "<group>";
		};
/* End PBXVariantGroup section */

/* Begin XCBuildConfiguration section */
		F0092FF02583D53000206D4C /* Debug */ = {
			isa = XCBuildConfiguration;
			buildSettings = {
				ALWAYS_SEARCH_USER_PATHS = NO;
				CLANG_ANALYZER_NONNULL = YES;
				CLANG_ANALYZER_NUMBER_OBJECT_CONVERSION = YES_AGGRESSIVE;
				CLANG_CXX_LANGUAGE_STANDARD = "gnu++14";
				CLANG_CXX_LIBRARY = "libc++";
				CLANG_ENABLE_MODULES = YES;
				CLANG_ENABLE_OBJC_ARC = YES;
				CLANG_ENABLE_OBJC_WEAK = YES;
				CLANG_WARN_BLOCK_CAPTURE_AUTORELEASING = YES;
				CLANG_WARN_BOOL_CONVERSION = YES;
				CLANG_WARN_COMMA = YES;
				CLANG_WARN_CONSTANT_CONVERSION = YES;
				CLANG_WARN_DEPRECATED_OBJC_IMPLEMENTATIONS = YES;
				CLANG_WARN_DIRECT_OBJC_ISA_USAGE = YES_ERROR;
				CLANG_WARN_DOCUMENTATION_COMMENTS = YES;
				CLANG_WARN_EMPTY_BODY = YES;
				CLANG_WARN_ENUM_CONVERSION = YES;
				CLANG_WARN_INFINITE_RECURSION = YES;
				CLANG_WARN_INT_CONVERSION = YES;
				CLANG_WARN_NON_LITERAL_NULL_CONVERSION = YES;
				CLANG_WARN_OBJC_IMPLICIT_RETAIN_SELF = YES;
				CLANG_WARN_OBJC_LITERAL_CONVERSION = YES;
				CLANG_WARN_OBJC_ROOT_CLASS = YES_ERROR;
				CLANG_WARN_QUOTED_INCLUDE_IN_FRAMEWORK_HEADER = YES;
				CLANG_WARN_RANGE_LOOP_ANALYSIS = YES;
				CLANG_WARN_STRICT_PROTOTYPES = YES;
				CLANG_WARN_SUSPICIOUS_MOVE = YES;
				CLANG_WARN_UNGUARDED_AVAILABILITY = YES_AGGRESSIVE;
				CLANG_WARN_UNREACHABLE_CODE = YES;
				CLANG_WARN__DUPLICATE_METHOD_MATCH = YES;
				COPY_PHASE_STRIP = NO;
				DEBUG_INFORMATION_FORMAT = dwarf;
				ENABLE_STRICT_OBJC_MSGSEND = YES;
				ENABLE_TESTABILITY = YES;
				GCC_C_LANGUAGE_STANDARD = gnu11;
				GCC_DYNAMIC_NO_PIC = NO;
				GCC_NO_COMMON_BLOCKS = YES;
				GCC_OPTIMIZATION_LEVEL = 0;
				GCC_PREPROCESSOR_DEFINITIONS = (
					"DEBUG=1",
					"$(inherited)",
				);
				GCC_WARN_64_TO_32_BIT_CONVERSION = YES;
				GCC_WARN_ABOUT_RETURN_TYPE = YES_ERROR;
				GCC_WARN_UNDECLARED_SELECTOR = YES;
				GCC_WARN_UNINITIALIZED_AUTOS = YES_AGGRESSIVE;
				GCC_WARN_UNUSED_FUNCTION = YES;
				GCC_WARN_UNUSED_VARIABLE = YES;
				IPHONEOS_DEPLOYMENT_TARGET = 14.2;
				MTL_ENABLE_DEBUG_INFO = INCLUDE_SOURCE;
				MTL_FAST_MATH = YES;
				ONLY_ACTIVE_ARCH = YES;
				SDKROOT = iphoneos;
				SWIFT_ACTIVE_COMPILATION_CONDITIONS = DEBUG;
				SWIFT_OPTIMIZATION_LEVEL = "-Onone";
			};
			name = Debug;
		};
		F0092FF12583D53000206D4C /* Release */ = {
			isa = XCBuildConfiguration;
			buildSettings = {
				ALWAYS_SEARCH_USER_PATHS = NO;
				CLANG_ANALYZER_NONNULL = YES;
				CLANG_ANALYZER_NUMBER_OBJECT_CONVERSION = YES_AGGRESSIVE;
				CLANG_CXX_LANGUAGE_STANDARD = "gnu++14";
				CLANG_CXX_LIBRARY = "libc++";
				CLANG_ENABLE_MODULES = YES;
				CLANG_ENABLE_OBJC_ARC = YES;
				CLANG_ENABLE_OBJC_WEAK = YES;
				CLANG_WARN_BLOCK_CAPTURE_AUTORELEASING = YES;
				CLANG_WARN_BOOL_CONVERSION = YES;
				CLANG_WARN_COMMA = YES;
				CLANG_WARN_CONSTANT_CONVERSION = YES;
				CLANG_WARN_DEPRECATED_OBJC_IMPLEMENTATIONS = YES;
				CLANG_WARN_DIRECT_OBJC_ISA_USAGE = YES_ERROR;
				CLANG_WARN_DOCUMENTATION_COMMENTS = YES;
				CLANG_WARN_EMPTY_BODY = YES;
				CLANG_WARN_ENUM_CONVERSION = YES;
				CLANG_WARN_INFINITE_RECURSION = YES;
				CLANG_WARN_INT_CONVERSION = YES;
				CLANG_WARN_NON_LITERAL_NULL_CONVERSION = YES;
				CLANG_WARN_OBJC_IMPLICIT_RETAIN_SELF = YES;
				CLANG_WARN_OBJC_LITERAL_CONVERSION = YES;
				CLANG_WARN_OBJC_ROOT_CLASS = YES_ERROR;
				CLANG_WARN_QUOTED_INCLUDE_IN_FRAMEWORK_HEADER = YES;
				CLANG_WARN_RANGE_LOOP_ANALYSIS = YES;
				CLANG_WARN_STRICT_PROTOTYPES = YES;
				CLANG_WARN_SUSPICIOUS_MOVE = YES;
				CLANG_WARN_UNGUARDED_AVAILABILITY = YES_AGGRESSIVE;
				CLANG_WARN_UNREACHABLE_CODE = YES;
				CLANG_WARN__DUPLICATE_METHOD_MATCH = YES;
				COPY_PHASE_STRIP = NO;
				DEBUG_INFORMATION_FORMAT = "dwarf-with-dsym";
				ENABLE_NS_ASSERTIONS = NO;
				ENABLE_STRICT_OBJC_MSGSEND = YES;
				GCC_C_LANGUAGE_STANDARD = gnu11;
				GCC_NO_COMMON_BLOCKS = YES;
				GCC_WARN_64_TO_32_BIT_CONVERSION = YES;
				GCC_WARN_ABOUT_RETURN_TYPE = YES_ERROR;
				GCC_WARN_UNDECLARED_SELECTOR = YES;
				GCC_WARN_UNINITIALIZED_AUTOS = YES_AGGRESSIVE;
				GCC_WARN_UNUSED_FUNCTION = YES;
				GCC_WARN_UNUSED_VARIABLE = YES;
				IPHONEOS_DEPLOYMENT_TARGET = 14.2;
				MTL_ENABLE_DEBUG_INFO = NO;
				MTL_FAST_MATH = YES;
				SDKROOT = iphoneos;
				SWIFT_COMPILATION_MODE = wholemodule;
				SWIFT_OPTIMIZATION_LEVEL = "-O";
				VALIDATE_PRODUCT = YES;
			};
			name = Release;
		};
		F0092FF32583D53000206D4C /* Debug */ = {
			isa = XCBuildConfiguration;
			buildSettings = {
				ASSETCATALOG_COMPILER_APPICON_NAME = AppIcon;
				ASSETCATALOG_COMPILER_GLOBAL_ACCENT_COLOR_NAME = AccentColor;
				CODE_SIGN_STYLE = Automatic;
				DEVELOPMENT_TEAM = KZBPA3L4FW;
				INFOPLIST_FILE = ApplePie/Info.plist;
				IPHONEOS_DEPLOYMENT_TARGET = 14.2;
				LD_RUNPATH_SEARCH_PATHS = (
					"$(inherited)",
					"@executable_path/Frameworks",
				);
				PRODUCT_BUNDLE_IDENTIFIER = com.vkochergin.ApplePie;
				PRODUCT_NAME = "$(TARGET_NAME)";
				SWIFT_VERSION = 5.0;
				TARGETED_DEVICE_FAMILY = 2;
			};
			name = Debug;
		};
		F0092FF42583D53000206D4C /* Release */ = {
			isa = XCBuildConfiguration;
			buildSettings = {
				ASSETCATALOG_COMPILER_APPICON_NAME = AppIcon;
				ASSETCATALOG_COMPILER_GLOBAL_ACCENT_COLOR_NAME = AccentColor;
				CODE_SIGN_STYLE = Automatic;
				DEVELOPMENT_TEAM = KZBPA3L4FW;
				INFOPLIST_FILE = ApplePie/Info.plist;
				IPHONEOS_DEPLOYMENT_TARGET = 14.2;
				LD_RUNPATH_SEARCH_PATHS = (
					"$(inherited)",
					"@executable_path/Frameworks",
				);
				PRODUCT_BUNDLE_IDENTIFIER = com.vkochergin.ApplePie;
				PRODUCT_NAME = "$(TARGET_NAME)";
				SWIFT_VERSION = 5.0;
				TARGETED_DEVICE_FAMILY = 2;
			};
			name = Release;
		};
		F0EFC63225AF4A9D00419605 /* Debug */ = {
			isa = XCBuildConfiguration;
			buildSettings = {
				CODE_SIGN_STYLE = Automatic;
				DEVELOPMENT_TEAM = KZBPA3L4FW;
				INFOPLIST_FILE = ApplePieUITests/Info.plist;
				LD_RUNPATH_SEARCH_PATHS = (
					"$(inherited)",
					"@executable_path/Frameworks",
					"@loader_path/Frameworks",
				);
				PRODUCT_BUNDLE_IDENTIFIER = com.vkochergin.ApplePieUITests;
				PRODUCT_NAME = "$(TARGET_NAME)";
				SWIFT_VERSION = 5.0;
				TARGETED_DEVICE_FAMILY = "1,2";
				TEST_TARGET_NAME = ApplePie;
			};
			name = Debug;
		};
		F0EFC63325AF4A9D00419605 /* Release */ = {
			isa = XCBuildConfiguration;
			buildSettings = {
				CODE_SIGN_STYLE = Automatic;
				DEVELOPMENT_TEAM = KZBPA3L4FW;
				INFOPLIST_FILE = ApplePieUITests/Info.plist;
				LD_RUNPATH_SEARCH_PATHS = (
					"$(inherited)",
					"@executable_path/Frameworks",
					"@loader_path/Frameworks",
				);
				PRODUCT_BUNDLE_IDENTIFIER = com.vkochergin.ApplePieUITests;
				PRODUCT_NAME = "$(TARGET_NAME)";
				SWIFT_VERSION = 5.0;
				TARGETED_DEVICE_FAMILY = "1,2";
				TEST_TARGET_NAME = ApplePie;
			};
			name = Release;
		};
/* End XCBuildConfiguration section */

/* Begin XCConfigurationList section */
		F0092FD92583D52E00206D4C /* Build configuration list for PBXProject "ApplePie" */ = {
			isa = XCConfigurationList;
			buildConfigurations = (
				F0092FF02583D53000206D4C /* Debug */,
				F0092FF12583D53000206D4C /* Release */,
			);
			defaultConfigurationIsVisible = 0;
			defaultConfigurationName = Release;
		};
		F0092FF22583D53000206D4C /* Build configuration list for PBXNativeTarget "ApplePie" */ = {
			isa = XCConfigurationList;
			buildConfigurations = (
				F0092FF32583D53000206D4C /* Debug */,
				F0092FF42583D53000206D4C /* Release */,
			);
			defaultConfigurationIsVisible = 0;
			defaultConfigurationName = Release;
		};
		F0EFC63425AF4A9D00419605 /* Build configuration list for PBXNativeTarget "ApplePieUITests" */ = {
			isa = XCConfigurationList;
			buildConfigurations = (
				F0EFC63225AF4A9D00419605 /* Debug */,
				F0EFC63325AF4A9D00419605 /* Release */,
			);
			defaultConfigurationIsVisible = 0;
			defaultConfigurationName = Release;
		};
/* End XCConfigurationList section */
	};
	rootObject = F0092FD62583D52E00206D4C /* Project object */;
}
